
Microsoft Visual Studio Solution File, Format Version 12.00
# Visual Studio Version 17
VisualStudioVersion = 17.5.002.0
MinimumVisualStudioVersion = 10.0.40219.1
Project("{9A19103F-16F7-4668-BE54-9A1E7A4F7556}") = "API", "API.csproj", "{CCC5231B-0E43-40F7-B5BF-1A05AE3F6633}"
EndProject
Global
	GlobalSection(SolutionConfigurationPlatforms) = preSolution
		Debug|Any CPU = Debug|Any CPU
		Release|Any CPU = Release|Any CPU
	EndGlobalSection
	GlobalSection(ProjectConfigurationPlatforms) = postSolution
		{CCC5231B-0E43-40F7-B5BF-1A05AE3F6633}.Debug|Any CPU.ActiveCfg = Debug|Any CPU
		{CCC5231B-0E43-40F7-B5BF-1A05AE3F6633}.Debug|Any CPU.Build.0 = Debug|Any CPU
		{CCC5231B-0E43-40F7-B5BF-1A05AE3F6633}.Release|Any CPU.ActiveCfg = Release|Any CPU
		{CCC5231B-0E43-40F7-B5BF-1A05AE3F6633}.Release|Any CPU.Build.0 = Release|Any CPU
	EndGlobalSection
	GlobalSection(SolutionProperties) = preSolution
		HideSolutionNode = FALSE
	EndGlobalSection
	GlobalSection(ExtensibilityGlobals) = postSolution
		SolutionGuid = {F0FB0F5B-F3D9-488E-8213-1F969CC7A4ED}
	EndGlobalSection
EndGlobal
